
Microsoft Visual Studio Solution File, Format Version 12.00
# Visual Studio 15
VisualStudioVersion = 15.0.28307.136
MinimumVisualStudioVersion = 10.0.40219.1
Project("{FAE04EC0-301F-11D3-BF4B-00C04F79EFBC}") = "ClassRoom", "ClassRoom\ClassRoom.csproj", "{56D6C600-9F67-4F35-BD36-715638C4A5D1}"
EndProject
Project("{9A19103F-16F7-4668-BE54-9A1E7A4F7556}") = "UnitTestStuderende", "UnitTestStuderende\UnitTestStuderende.csproj", "{7B9CA099-3B46-4EC7-9211-7ED2AAE4302E}"
EndProject
Global
	GlobalSection(SolutionConfigurationPlatforms) = preSolution
		Debug|Any CPU = Debug|Any CPU
		Release|Any CPU = Release|Any CPU
	EndGlobalSection
	GlobalSection(ProjectConfigurationPlatforms) = postSolution
		{56D6C600-9F67-4F35-BD36-715638C4A5D1}.Debug|Any CPU.ActiveCfg = Debug|Any CPU
		{56D6C600-9F67-4F35-BD36-715638C4A5D1}.Debug|Any CPU.Build.0 = Debug|Any CPU
		{56D6C600-9F67-4F35-BD36-715638C4A5D1}.Release|Any CPU.ActiveCfg = Release|Any CPU
		{56D6C600-9F67-4F35-BD36-715638C4A5D1}.Release|Any CPU.Build.0 = Release|Any CPU
		{7B9CA099-3B46-4EC7-9211-7ED2AAE4302E}.Debug|Any CPU.ActiveCfg = Debug|Any CPU
		{7B9CA099-3B46-4EC7-9211-7ED2AAE4302E}.Debug|Any CPU.Build.0 = Debug|Any CPU
		{7B9CA099-3B46-4EC7-9211-7ED2AAE4302E}.Release|Any CPU.ActiveCfg = Release|Any CPU
		{7B9CA099-3B46-4EC7-9211-7ED2AAE4302E}.Release|Any CPU.Build.0 = Release|Any CPU
	EndGlobalSection
	GlobalSection(SolutionProperties) = preSolution
		HideSolutionNode = FALSE
	EndGlobalSection
	GlobalSection(ExtensibilityGlobals) = postSolution
		SolutionGuid = {C9596688-619E-4CC1-B476-7FC58E8E0726}
	EndGlobalSection
EndGlobal
